
Microsoft Visual Studio Solution File, Format Version 12.00
# Visual Studio Version 17
VisualStudioVersion = 17.0.31912.275
MinimumVisualStudioVersion = 10.0.40219.1
Project("{9A19103F-16F7-4668-BE54-9A1E7A4F7556}") = "VerifyEmailForgotPasswordDemo", "VerifyEmailForgotPasswordDemo.csproj", "{05863BF8-29CC-4C68-8C53-AE0E22BF320C}"
EndProject
Project("{FAE04EC0-301F-11D3-BF4B-00C04F79EFBC}") = "VerifyEmailForgotPasswordDemo.Data", "..\VerifyEmailForgotPasswordDemo.Data\VerifyEmailForgotPasswordDemo.Data.csproj", "{F7C859F5-F82B-4F4B-AEF0-B3DC2295B10A}"
EndProject
Project("{FAE04EC0-301F-11D3-BF4B-00C04F79EFBC}") = "VerifyEmailForgotPasswordDemo.Services", "..\VerifyEmailForgotPasswordDemo.Services\VerifyEmailForgotPasswordDemo.Services.csproj", "{23C72A94-59C3-4573-8F08-DC13BFE21131}"
EndProject
Global
	GlobalSection(SolutionConfigurationPlatforms) = preSolution
		Debug|Any CPU = Debug|Any CPU
		Release|Any CPU = Release|Any CPU
	EndGlobalSection
	GlobalSection(ProjectConfigurationPlatforms) = postSolution
		{05863BF8-29CC-4C68-8C53-AE0E22BF320C}.Debug|Any CPU.ActiveCfg = Debug|Any CPU
		{05863BF8-29CC-4C68-8C53-AE0E22BF320C}.Debug|Any CPU.Build.0 = Debug|Any CPU
		{05863BF8-29CC-4C68-8C53-AE0E22BF320C}.Release|Any CPU.ActiveCfg = Release|Any CPU
		{05863BF8-29CC-4C68-8C53-AE0E22BF320C}.Release|Any CPU.Build.0 = Release|Any CPU
		{F7C859F5-F82B-4F4B-AEF0-B3DC2295B10A}.Debug|Any CPU.ActiveCfg = Debug|Any CPU
		{F7C859F5-F82B-4F4B-AEF0-B3DC2295B10A}.Debug|Any CPU.Build.0 = Debug|Any CPU
		{F7C859F5-F82B-4F4B-AEF0-B3DC2295B10A}.Release|Any CPU.ActiveCfg = Release|Any CPU
		{F7C859F5-F82B-4F4B-AEF0-B3DC2295B10A}.Release|Any CPU.Build.0 = Release|Any CPU
		{23C72A94-59C3-4573-8F08-DC13BFE21131}.Debug|Any CPU.ActiveCfg = Debug|Any CPU
		{23C72A94-59C3-4573-8F08-DC13BFE21131}.Debug|Any CPU.Build.0 = Debug|Any CPU
		{23C72A94-59C3-4573-8F08-DC13BFE21131}.Release|Any CPU.ActiveCfg = Release|Any CPU
		{23C72A94-59C3-4573-8F08-DC13BFE21131}.Release|Any CPU.Build.0 = Release|Any CPU
	EndGlobalSection
	GlobalSection(SolutionProperties) = preSolution
		HideSolutionNode = FALSE
	EndGlobalSection
	GlobalSection(ExtensibilityGlobals) = postSolution
		SolutionGuid = {B23623A6-CF52-47D4-AEA8-CD0A460A3353}
	EndGlobalSection
EndGlobal
