
Microsoft Visual Studio Solution File, Format Version 12.00
# Visual Studio Version 17
VisualStudioVersion = 17.0.31912.275
MinimumVisualStudioVersion = 10.0.40219.1
Project("{FAE04EC0-301F-11D3-BF4B-00C04F79EFBC}") = "BlazorChatSignalR.Server", "BlazorChatSignalR\Server\BlazorChatSignalR.Server.csproj", "{92D706CD-B550-4E99-B9E9-2167D2169500}"
EndProject
Project("{FAE04EC0-301F-11D3-BF4B-00C04F79EFBC}") = "BlazorChatSignalR.Client", "BlazorChatSignalR\Client\BlazorChatSignalR.Client.csproj", "{7DE1634F-9D92-4569-A5AE-FA352F3AE2D9}"
EndProject
Project("{FAE04EC0-301F-11D3-BF4B-00C04F79EFBC}") = "BlazorChatSignalR.Shared", "BlazorChatSignalR\Shared\BlazorChatSignalR.Shared.csproj", "{186C1348-7A89-436E-86B8-EC0C66BD6FBB}"
EndProject
Global
	GlobalSection(SolutionConfigurationPlatforms) = preSolution
		Debug|Any CPU = Debug|Any CPU
		Release|Any CPU = Release|Any CPU
	EndGlobalSection
	GlobalSection(ProjectConfigurationPlatforms) = postSolution
		{92D706CD-B550-4E99-B9E9-2167D2169500}.Debug|Any CPU.ActiveCfg = Debug|Any CPU
		{92D706CD-B550-4E99-B9E9-2167D2169500}.Debug|Any CPU.Build.0 = Debug|Any CPU
		{92D706CD-B550-4E99-B9E9-2167D2169500}.Release|Any CPU.ActiveCfg = Release|Any CPU
		{92D706CD-B550-4E99-B9E9-2167D2169500}.Release|Any CPU.Build.0 = Release|Any CPU
		{7DE1634F-9D92-4569-A5AE-FA352F3AE2D9}.Debug|Any CPU.ActiveCfg = Debug|Any CPU
		{7DE1634F-9D92-4569-A5AE-FA352F3AE2D9}.Debug|Any CPU.Build.0 = Debug|Any CPU
		{7DE1634F-9D92-4569-A5AE-FA352F3AE2D9}.Release|Any CPU.ActiveCfg = Release|Any CPU
		{7DE1634F-9D92-4569-A5AE-FA352F3AE2D9}.Release|Any CPU.Build.0 = Release|Any CPU
		{186C1348-7A89-436E-86B8-EC0C66BD6FBB}.Debug|Any CPU.ActiveCfg = Debug|Any CPU
		{186C1348-7A89-436E-86B8-EC0C66BD6FBB}.Debug|Any CPU.Build.0 = Debug|Any CPU
		{186C1348-7A89-436E-86B8-EC0C66BD6FBB}.Release|Any CPU.ActiveCfg = Release|Any CPU
		{186C1348-7A89-436E-86B8-EC0C66BD6FBB}.Release|Any CPU.Build.0 = Release|Any CPU
	EndGlobalSection
	GlobalSection(SolutionProperties) = preSolution
		HideSolutionNode = FALSE
	EndGlobalSection
	GlobalSection(ExtensibilityGlobals) = postSolution
		SolutionGuid = {F2DF039B-5FA0-4FEE-B7ED-07B6CB377F6A}
	EndGlobalSection
EndGlobal
