
Microsoft Visual Studio Solution File, Format Version 12.00
# Visual Studio Version 17
VisualStudioVersion = 17.4.33403.182
MinimumVisualStudioVersion = 10.0.40219.1
Project("{FAE04EC0-301F-11D3-BF4B-00C04F79EFBC}") = "OFAgency", "OFAgency\OFAgency.csproj", "{2D3154AE-ADB5-4ACD-8C0C-2C0E0CA74699}"
EndProject
Project("{FAE04EC0-301F-11D3-BF4B-00C04F79EFBC}") = "OFAgency.Data", "OFAgency.Data\OFAgency.Data.csproj", "{15A9857B-5552-4529-A360-C3F55AA4E963}"
EndProject
Project("{FAE04EC0-301F-11D3-BF4B-00C04F79EFBC}") = "OFAgency.Services", "OFAgency.Services\OFAgency.Services.csproj", "{DC509113-4642-4211-B31F-28E2DED71A2C}"
EndProject
Global
	GlobalSection(SolutionConfigurationPlatforms) = preSolution
		Debug|Any CPU = Debug|Any CPU
		Release|Any CPU = Release|Any CPU
	EndGlobalSection
	GlobalSection(ProjectConfigurationPlatforms) = postSolution
		{2D3154AE-ADB5-4ACD-8C0C-2C0E0CA74699}.Debug|Any CPU.ActiveCfg = Debug|Any CPU
		{2D3154AE-ADB5-4ACD-8C0C-2C0E0CA74699}.Debug|Any CPU.Build.0 = Debug|Any CPU
		{2D3154AE-ADB5-4ACD-8C0C-2C0E0CA74699}.Release|Any CPU.ActiveCfg = Release|Any CPU
		{2D3154AE-ADB5-4ACD-8C0C-2C0E0CA74699}.Release|Any CPU.Build.0 = Release|Any CPU
		{15A9857B-5552-4529-A360-C3F55AA4E963}.Debug|Any CPU.ActiveCfg = Debug|Any CPU
		{15A9857B-5552-4529-A360-C3F55AA4E963}.Debug|Any CPU.Build.0 = Debug|Any CPU
		{15A9857B-5552-4529-A360-C3F55AA4E963}.Release|Any CPU.ActiveCfg = Release|Any CPU
		{15A9857B-5552-4529-A360-C3F55AA4E963}.Release|Any CPU.Build.0 = Release|Any CPU
		{DC509113-4642-4211-B31F-28E2DED71A2C}.Debug|Any CPU.ActiveCfg = Debug|Any CPU
		{DC509113-4642-4211-B31F-28E2DED71A2C}.Debug|Any CPU.Build.0 = Debug|Any CPU
		{DC509113-4642-4211-B31F-28E2DED71A2C}.Release|Any CPU.ActiveCfg = Release|Any CPU
		{DC509113-4642-4211-B31F-28E2DED71A2C}.Release|Any CPU.Build.0 = Release|Any CPU
	EndGlobalSection
	GlobalSection(SolutionProperties) = preSolution
		HideSolutionNode = FALSE
	EndGlobalSection
	GlobalSection(ExtensibilityGlobals) = postSolution
		SolutionGuid = {2EC01BA4-1F90-4A61-A228-10C631E355BA}
	EndGlobalSection
EndGlobal
